
Microsoft Visual Studio Solution File, Format Version 12.00
# Visual Studio Version 17
VisualStudioVersion = 17.1.32328.378
MinimumVisualStudioVersion = 10.0.40219.1
Project("{FAE04EC0-301F-11D3-BF4B-00C04F79EFBC}") = "LABORATORIO1-KEVIN_ALEJANDRO_ZELAYA_BLANDIN", "LABORATORIO1-KEVIN_ALEJANDRO_ZELAYA_BLANDIN.csproj", "{A46D0C1B-B63F-425C-90DD-F6F4637B9EDA}"
EndProject
Global
	GlobalSection(SolutionConfigurationPlatforms) = preSolution
		Debug|Any CPU = Debug|Any CPU
		Release|Any CPU = Release|Any CPU
	EndGlobalSection
	GlobalSection(ProjectConfigurationPlatforms) = postSolution
		{A46D0C1B-B63F-425C-90DD-F6F4637B9EDA}.Debug|Any CPU.ActiveCfg = Debug|Any CPU
		{A46D0C1B-B63F-425C-90DD-F6F4637B9EDA}.Debug|Any CPU.Build.0 = Debug|Any CPU
		{A46D0C1B-B63F-425C-90DD-F6F4637B9EDA}.Release|Any CPU.ActiveCfg = Release|Any CPU
		{A46D0C1B-B63F-425C-90DD-F6F4637B9EDA}.Release|Any CPU.Build.0 = Release|Any CPU
	EndGlobalSection
	GlobalSection(SolutionProperties) = preSolution
		HideSolutionNode = FALSE
	EndGlobalSection
	GlobalSection(ExtensibilityGlobals) = postSolution
		SolutionGuid = {EF34034A-8741-455C-8397-6AEDB823C8B7}
	EndGlobalSection
EndGlobal
